
Microsoft Visual Studio Solution File, Format Version 12.00
# Visual Studio 15
VisualStudioVersion = 15.0.27703.2042
MinimumVisualStudioVersion = 10.0.40219.1
Project("{FAE04EC0-301F-11D3-BF4B-00C04F79EFBC}") = "PdfSharkLibrary", "PdfSharkLibrary\PdfSharkLibrary.csproj", "{2099D5BE-F645-4A0E-9EC4-A73A2228E500}"
EndProject
Global
	GlobalSection(SolutionConfigurationPlatforms) = preSolution
		Debug|Any CPU = Debug|Any CPU
		Release|Any CPU = Release|Any CPU
	EndGlobalSection
	GlobalSection(ProjectConfigurationPlatforms) = postSolution
		{2099D5BE-F645-4A0E-9EC4-A73A2228E500}.Debug|Any CPU.ActiveCfg = Debug|Any CPU
		{2099D5BE-F645-4A0E-9EC4-A73A2228E500}.Debug|Any CPU.Build.0 = Debug|Any CPU
		{2099D5BE-F645-4A0E-9EC4-A73A2228E500}.Release|Any CPU.ActiveCfg = Release|Any CPU
		{2099D5BE-F645-4A0E-9EC4-A73A2228E500}.Release|Any CPU.Build.0 = Release|Any CPU
	EndGlobalSection
	GlobalSection(SolutionProperties) = preSolution
		HideSolutionNode = FALSE
	EndGlobalSection
	GlobalSection(ExtensibilityGlobals) = postSolution
		SolutionGuid = {E489100C-7089-4D4B-BB22-0E5C21B05044}
	EndGlobalSection
EndGlobal
